
Microsoft Visual Studio Solution File, Format Version 12.00
# Visual Studio 14
VisualStudioVersion = 14.0.24720.0
MinimumVisualStudioVersion = 10.0.40219.1
Project("{FAE04EC0-301F-11D3-BF4B-00C04F79EFBC}") = "org.tsu.famc.ds.REST.Server", "org.tsu.famc.ds.REST.Server\org.tsu.famc.ds.REST.Server.csproj", "{3559028E-E632-428E-BC94-2FE3E5D14668}"
EndProject
Project("{2150E333-8FDC-42A3-9474-1A3956D46DE8}") = "Solution Items", "Solution Items", "{01196349-E6AC-441B-9354-D54FAE95C0E8}"
	ProjectSection(SolutionItems) = preProject
		curl\curl.exe = curl\curl.exe
		curl\curl.txt = curl\curl.txt
	EndProjectSection
EndProject
Project("{FAE04EC0-301F-11D3-BF4B-00C04F79EFBC}") = "org.tsu.famc.ds.REST.Client", "org.tsu.famc.ds.REST.Client\org.tsu.famc.ds.REST.Client.csproj", "{67677FA3-913F-4EAA-97DC-2089CA1E986D}"
EndProject
Global
	GlobalSection(SolutionConfigurationPlatforms) = preSolution
		Debug|Any CPU = Debug|Any CPU
		Release|Any CPU = Release|Any CPU
	EndGlobalSection
	GlobalSection(ProjectConfigurationPlatforms) = postSolution
		{3559028E-E632-428E-BC94-2FE3E5D14668}.Debug|Any CPU.ActiveCfg = Debug|Any CPU
		{3559028E-E632-428E-BC94-2FE3E5D14668}.Debug|Any CPU.Build.0 = Debug|Any CPU
		{3559028E-E632-428E-BC94-2FE3E5D14668}.Release|Any CPU.ActiveCfg = Release|Any CPU
		{3559028E-E632-428E-BC94-2FE3E5D14668}.Release|Any CPU.Build.0 = Release|Any CPU
		{67677FA3-913F-4EAA-97DC-2089CA1E986D}.Debug|Any CPU.ActiveCfg = Debug|Any CPU
		{67677FA3-913F-4EAA-97DC-2089CA1E986D}.Debug|Any CPU.Build.0 = Debug|Any CPU
		{67677FA3-913F-4EAA-97DC-2089CA1E986D}.Release|Any CPU.ActiveCfg = Release|Any CPU
		{67677FA3-913F-4EAA-97DC-2089CA1E986D}.Release|Any CPU.Build.0 = Release|Any CPU
	EndGlobalSection
	GlobalSection(SolutionProperties) = preSolution
		HideSolutionNode = FALSE
	EndGlobalSection
EndGlobal
